<?xml version="1.0" encoding="utf-8"?>
<Project ToolsVersion="4.0" xmlns="http://schemas.microsoft.com/developer/msbuild/2003">
  <ItemGroup>
    <Filter Include="CppLearning">
      <UniqueIdentifier>{0e873f93-44c6-4346-bfe9-7d0c847d37db}</UniqueIdentifier>
    </Filter>
  </ItemGroup>
  <ItemGroup>
    <ClCompile Include="DoodleNote.cpp" />
  </ItemGroup>
  <ItemGroup>
    <ClInclude Include="CppLearning\classical_polymorphism_and_generic_programming.h">
      <Filter>CppLearning</Filter>
    </ClInclude>
    <ClInclude Include="CppLearning\combination.h">
      <Filter>CppLearning</Filter>
    </ClInclude>
  </ItemGroup>
</Project>